
Microsoft Visual Studio Solution File, Format Version 12.00
# Visual Studio Version 16
VisualStudioVersion = 16.0.31005.135
MinimumVisualStudioVersion = 10.0.40219.1
Project("{2150E333-8FDC-42A3-9474-1A3956D46DE8}") = "Services", "Services", "{88005E55-DEA9-4B01-A18C-F84939525F20}"
EndProject
Project("{2150E333-8FDC-42A3-9474-1A3956D46DE8}") = "Catalog", "Catalog", "{4BCFFD14-5A0C-4C64-9332-C15DFD9F1218}"
EndProject
Project("{9A19103F-16F7-4668-BE54-9A1E7A4F7556}") = "Catalog.API", "Services\Catalog\Catalog.API\Catalog.API\Catalog.API.csproj", "{E8510A56-82E0-41B8-A561-FE92015C510C}"
EndProject
Project("{E53339B2-1760-4266-BCC7-CA923CBCF16C}") = "docker-compose", "docker-compose.dcproj", "{369580B6-A608-4B0C-9421-4F36C74B6BA7}"
EndProject
Project("{2150E333-8FDC-42A3-9474-1A3956D46DE8}") = "Basket", "Basket", "{C20C4E03-44A4-47A8-A8EB-99E37198A66D}"
EndProject
Project("{9A19103F-16F7-4668-BE54-9A1E7A4F7556}") = "Basket.API", "Services\Basket\Basket.API\Basket.API.csproj", "{7ABA0D54-6DE3-486D-83A9-BB6B93DEBC5C}"
EndProject
Project("{2150E333-8FDC-42A3-9474-1A3956D46DE8}") = "Discount", "Discount", "{1B0842B8-95A2-425E-8C76-F9DFBC56DDB7}"
EndProject
Project("{FAE04EC0-301F-11D3-BF4B-00C04F79EFBC}") = "Discount.API", "Services\Discount\Discount.API\Discount.API.csproj", "{F25EF70B-E907-4F5F-A0C7-423F6572B11A}"
EndProject
Global
	GlobalSection(SolutionConfigurationPlatforms) = preSolution
		Debug|Any CPU = Debug|Any CPU
		Release|Any CPU = Release|Any CPU
	EndGlobalSection
	GlobalSection(ProjectConfigurationPlatforms) = postSolution
		{E8510A56-82E0-41B8-A561-FE92015C510C}.Debug|Any CPU.ActiveCfg = Debug|Any CPU
		{E8510A56-82E0-41B8-A561-FE92015C510C}.Debug|Any CPU.Build.0 = Debug|Any CPU
		{E8510A56-82E0-41B8-A561-FE92015C510C}.Release|Any CPU.ActiveCfg = Release|Any CPU
		{E8510A56-82E0-41B8-A561-FE92015C510C}.Release|Any CPU.Build.0 = Release|Any CPU
		{369580B6-A608-4B0C-9421-4F36C74B6BA7}.Debug|Any CPU.ActiveCfg = Debug|Any CPU
		{369580B6-A608-4B0C-9421-4F36C74B6BA7}.Debug|Any CPU.Build.0 = Debug|Any CPU
		{369580B6-A608-4B0C-9421-4F36C74B6BA7}.Release|Any CPU.ActiveCfg = Release|Any CPU
		{369580B6-A608-4B0C-9421-4F36C74B6BA7}.Release|Any CPU.Build.0 = Release|Any CPU
		{7ABA0D54-6DE3-486D-83A9-BB6B93DEBC5C}.Debug|Any CPU.ActiveCfg = Debug|Any CPU
		{7ABA0D54-6DE3-486D-83A9-BB6B93DEBC5C}.Debug|Any CPU.Build.0 = Debug|Any CPU
		{7ABA0D54-6DE3-486D-83A9-BB6B93DEBC5C}.Release|Any CPU.ActiveCfg = Release|Any CPU
		{7ABA0D54-6DE3-486D-83A9-BB6B93DEBC5C}.Release|Any CPU.Build.0 = Release|Any CPU
		{F25EF70B-E907-4F5F-A0C7-423F6572B11A}.Debug|Any CPU.ActiveCfg = Debug|Any CPU
		{F25EF70B-E907-4F5F-A0C7-423F6572B11A}.Debug|Any CPU.Build.0 = Debug|Any CPU
		{F25EF70B-E907-4F5F-A0C7-423F6572B11A}.Release|Any CPU.ActiveCfg = Release|Any CPU
		{F25EF70B-E907-4F5F-A0C7-423F6572B11A}.Release|Any CPU.Build.0 = Release|Any CPU
	EndGlobalSection
	GlobalSection(SolutionProperties) = preSolution
		HideSolutionNode = FALSE
	EndGlobalSection
	GlobalSection(NestedProjects) = preSolution
		{4BCFFD14-5A0C-4C64-9332-C15DFD9F1218} = {88005E55-DEA9-4B01-A18C-F84939525F20}
		{E8510A56-82E0-41B8-A561-FE92015C510C} = {4BCFFD14-5A0C-4C64-9332-C15DFD9F1218}
		{C20C4E03-44A4-47A8-A8EB-99E37198A66D} = {88005E55-DEA9-4B01-A18C-F84939525F20}
		{7ABA0D54-6DE3-486D-83A9-BB6B93DEBC5C} = {C20C4E03-44A4-47A8-A8EB-99E37198A66D}
		{1B0842B8-95A2-425E-8C76-F9DFBC56DDB7} = {88005E55-DEA9-4B01-A18C-F84939525F20}
		{F25EF70B-E907-4F5F-A0C7-423F6572B11A} = {1B0842B8-95A2-425E-8C76-F9DFBC56DDB7}
	EndGlobalSection
	GlobalSection(ExtensibilityGlobals) = postSolution
		SolutionGuid = {80949941-9085-4500-BE29-DCF3FF1A48F7}
	EndGlobalSection
EndGlobal
